{
  "version": 4,
  "terraform_version": "0.14.5",
  "serial": 27,
  "lineage": "99476180-41be-0026-74f6-fa24bdea9505",
  "outputs": {
    "rgname": {
      "value": "TFResourceGroup2021",
      "type": "string"
    },
    "sacontname": {
      "value": "tfstoragecontainer2021",
      "type": "string"
    },
    "saname": {
      "value": "tfstorageacc2021",
      "type": "string"
    },
    "vnetname": {
      "value": "TFVnet2021",
      "type": "string"
    }
  },
  "resources": [
    {
      "module": "module.rgmodule",
      "mode": "managed",
      "type": "azurerm_resource_group",
      "name": "rg",
      "provider": "provider[\"registry.terraform.io/hashicorp/azurerm\"]",
      "instances": [
        {
          "schema_version": 0,
          "attributes": {
            "id": "/subscriptions/2a75911d-9e91-410a-b6f9-d93a4aab1c48/resourceGroups/TFResourceGroup2021",
            "location": "eastus",
            "name": "TFResourceGroup2021",
            "tags": {
              "environment": "terraform"
            },
            "timeouts": null
          },
          "sensitive_attributes": [],
          "private": "eyJlMmJmYjczMC1lY2FhLTExZTYtOGY4OC0zNDM2M2JjN2M0YzAiOnsiY3JlYXRlIjo1NDAwMDAwMDAwMDAwLCJkZWxldGUiOjU0MDAwMDAwMDAwMDAsInJlYWQiOjMwMDAwMDAwMDAwMCwidXBkYXRlIjo1NDAwMDAwMDAwMDAwfX0="
        }
      ]
    },
    {
      "module": "module.vnetmodule",
      "mode": "managed",
      "type": "azurerm_virtual_network",
      "name": "vnet",
      "provider": "provider[\"registry.terraform.io/hashicorp/azurerm\"]",
      "instances": [
        {
          "schema_version": 0,
          "attributes": {
            "address_space": [
              "10.0.0.0/16"
            ],
            "bgp_community": "",
            "ddos_protection_plan": [],
            "dns_servers": [],
            "guid": "d0c9ad20-2b8b-4560-a898-8b4928eae5d0",
            "id": "/subscriptions/2a75911d-9e91-410a-b6f9-d93a4aab1c48/resourceGroups/TFResourceGroup2021/providers/Microsoft.Network/virtualNetworks/TFVnet2021",
            "location": "eastus",
            "name": "TFVnet2021",
            "resource_group_name": "TFResourceGroup2021",
            "subnet": [],
            "tags": {},
            "timeouts": null,
            "vm_protection_enabled": false
          },
          "sensitive_attributes": [],
          "private": "eyJlMmJmYjczMC1lY2FhLTExZTYtOGY4OC0zNDM2M2JjN2M0YzAiOnsiY3JlYXRlIjoxODAwMDAwMDAwMDAwLCJkZWxldGUiOjE4MDAwMDAwMDAwMDAsInJlYWQiOjMwMDAwMDAwMDAwMCwidXBkYXRlIjoxODAwMDAwMDAwMDAwfX0=",
          "dependencies": [
            "module.rgmodule.azurerm_resource_group.rg"
          ]
        }
      ]
    }
  ]
}
